
Microsoft Visual Studio Solution File, Format Version 12.00
# Visual Studio Version 17
VisualStudioVersion = 17.9.34714.143
MinimumVisualStudioVersion = 10.0.40219.1
Project("{9A19103F-16F7-4668-BE54-9A1E7A4F7556}") = "Dialogue.Tests", "Dialogue.Tests\Dialogue.Tests.csproj", "{6DC35614-880B-4828-8F6E-C0B2A0256AB1}"
EndProject
Project("{9A19103F-16F7-4668-BE54-9A1E7A4F7556}") = "Dialogue", "Dialogue\Dialogue.csproj", "{8D534A4F-2145-490B-869F-0F1FFE04DC71}"
EndProject
Project("{2150E333-8FDC-42A3-9474-1A3956D46DE8}") = "Solution Items", "Solution Items", "{90AAF485-2231-412E-B176-536093F4C8AE}"
	ProjectSection(SolutionItems) = preProject
		.editorconfig = .editorconfig
		.gitignore = .gitignore
		LICENSE = LICENSE
		README.md = README.md
	EndProjectSection
EndProject
Project("{2150E333-8FDC-42A3-9474-1A3956D46DE8}") = "Sample.AWSLambda", "Sample.AWSLambda", "{0C631880-B5EA-4AD2-83E2-CE0CE310D900}"
EndProject
Project("{9A19103F-16F7-4668-BE54-9A1E7A4F7556}") = "Sample.AWSLambda.SQS", "Sample.AWSLambda.SQS\Sample.AWSLambda.SQS.csproj", "{B6134FFC-987A-407A-BFE3-9D3D1A3C560D}"
EndProject
Project("{9A19103F-16F7-4668-BE54-9A1E7A4F7556}") = "Sample.AWSLambda.SQS.Tests", "Sample.AWSLambda.SQS.Tests\Sample.AWSLambda.SQS.Tests.csproj", "{F0ED0DE0-D297-4C0E-9304-896B0263B179}"
EndProject
Project("{2150E333-8FDC-42A3-9474-1A3956D46DE8}") = "SQS", "SQS", "{02A9D919-AEA5-4F8A-BAE9-9FDD273E9692}"
EndProject
Project("{2150E333-8FDC-42A3-9474-1A3956D46DE8}") = "APIGateway", "APIGateway", "{686CE1DC-AAD3-455D-A9D9-A5B2848A632B}"
EndProject
Global
	GlobalSection(SolutionConfigurationPlatforms) = preSolution
		Debug|Any CPU = Debug|Any CPU
		Release|Any CPU = Release|Any CPU
	EndGlobalSection
	GlobalSection(ProjectConfigurationPlatforms) = postSolution
		{6DC35614-880B-4828-8F6E-C0B2A0256AB1}.Debug|Any CPU.ActiveCfg = Debug|Any CPU
		{6DC35614-880B-4828-8F6E-C0B2A0256AB1}.Debug|Any CPU.Build.0 = Debug|Any CPU
		{6DC35614-880B-4828-8F6E-C0B2A0256AB1}.Release|Any CPU.ActiveCfg = Release|Any CPU
		{6DC35614-880B-4828-8F6E-C0B2A0256AB1}.Release|Any CPU.Build.0 = Release|Any CPU
		{8D534A4F-2145-490B-869F-0F1FFE04DC71}.Debug|Any CPU.ActiveCfg = Debug|Any CPU
		{8D534A4F-2145-490B-869F-0F1FFE04DC71}.Debug|Any CPU.Build.0 = Debug|Any CPU
		{8D534A4F-2145-490B-869F-0F1FFE04DC71}.Release|Any CPU.ActiveCfg = Release|Any CPU
		{8D534A4F-2145-490B-869F-0F1FFE04DC71}.Release|Any CPU.Build.0 = Release|Any CPU
		{B6134FFC-987A-407A-BFE3-9D3D1A3C560D}.Debug|Any CPU.ActiveCfg = Debug|Any CPU
		{B6134FFC-987A-407A-BFE3-9D3D1A3C560D}.Debug|Any CPU.Build.0 = Debug|Any CPU
		{B6134FFC-987A-407A-BFE3-9D3D1A3C560D}.Release|Any CPU.ActiveCfg = Release|Any CPU
		{B6134FFC-987A-407A-BFE3-9D3D1A3C560D}.Release|Any CPU.Build.0 = Release|Any CPU
		{F0ED0DE0-D297-4C0E-9304-896B0263B179}.Debug|Any CPU.ActiveCfg = Debug|Any CPU
		{F0ED0DE0-D297-4C0E-9304-896B0263B179}.Debug|Any CPU.Build.0 = Debug|Any CPU
		{F0ED0DE0-D297-4C0E-9304-896B0263B179}.Release|Any CPU.ActiveCfg = Release|Any CPU
		{F0ED0DE0-D297-4C0E-9304-896B0263B179}.Release|Any CPU.Build.0 = Release|Any CPU
	EndGlobalSection
	GlobalSection(SolutionProperties) = preSolution
		HideSolutionNode = FALSE
	EndGlobalSection
	GlobalSection(NestedProjects) = preSolution
		{B6134FFC-987A-407A-BFE3-9D3D1A3C560D} = {02A9D919-AEA5-4F8A-BAE9-9FDD273E9692}
		{F0ED0DE0-D297-4C0E-9304-896B0263B179} = {02A9D919-AEA5-4F8A-BAE9-9FDD273E9692}
		{02A9D919-AEA5-4F8A-BAE9-9FDD273E9692} = {0C631880-B5EA-4AD2-83E2-CE0CE310D900}
		{686CE1DC-AAD3-455D-A9D9-A5B2848A632B} = {0C631880-B5EA-4AD2-83E2-CE0CE310D900}
	EndGlobalSection
	GlobalSection(ExtensibilityGlobals) = postSolution
		SolutionGuid = {C6727B7F-0893-4C94-9743-EC61DAFDCA73}
	EndGlobalSection
EndGlobal
