
Microsoft Visual Studio Solution File, Format Version 12.00
# Visual Studio Version 17
VisualStudioVersion = 17.9.34714.143
MinimumVisualStudioVersion = 10.0.40219.1
Project("{9A19103F-16F7-4668-BE54-9A1E7A4F7556}") = "Plumber.Tests", "tests\Plumber.Tests\Plumber.Tests.csproj", "{6DC35614-880B-4828-8F6E-C0B2A0256AB1}"
EndProject
Project("{9A19103F-16F7-4668-BE54-9A1E7A4F7556}") = "Plumber", "src\Plumber\Plumber.csproj", "{8D534A4F-2145-490B-869F-0F1FFE04DC71}"
EndProject
Project("{2150E333-8FDC-42A3-9474-1A3956D46DE8}") = "Solution Items", "Solution Items", "{90AAF485-2231-412E-B176-536093F4C8AE}"
	ProjectSection(SolutionItems) = preProject
		.editorconfig = .editorconfig
		.gitignore = .gitignore
		LICENSE = LICENSE
		plumber.png = plumber.png
		plumber.svg = plumber.svg
		README.md = README.md
	EndProjectSection
EndProject
Project("{2150E333-8FDC-42A3-9474-1A3956D46DE8}") = "github-workflows", "github-workflows", "{BDAC7535-8310-47F2-98A8-A8A3AEF0724C}"
	ProjectSection(SolutionItems) = preProject
		.github\workflows\dotnet.publish.yml = .github\workflows\dotnet.publish.yml
		.github\workflows\dotnet.tests.yml = .github\workflows\dotnet.tests.yml
	EndProjectSection
EndProject
Project("{FAE04EC0-301F-11D3-BF4B-00C04F79EFBC}") = "Sample.Cli", "samples\Sample.Cli\Sample.Cli.csproj", "{27F57757-B426-4659-B71C-5B8A403FCBAA}"
EndProject
Project("{FAE04EC0-301F-11D3-BF4B-00C04F79EFBC}") = "Sample.Cli.Tests", "samples\Sample.Cli.Tests\Sample.Cli.Tests.csproj", "{1D4B46F9-9EAF-42A2-A635-4357D7BE2612}"
EndProject
Project("{FAE04EC0-301F-11D3-BF4B-00C04F79EFBC}") = "Plumber.Testing", "src\Plumber.Testing\Plumber.Testing.csproj", "{6C0680B2-891B-4AB4-969B-18BCA90EA692}"
EndProject
Project("{FAE04EC0-301F-11D3-BF4B-00C04F79EFBC}") = "Plumber.Testing.Tests", "tests\Plumber.Testing.Tests\Plumber.Testing.Tests.csproj", "{646D9A50-0E02-40C6-B94F-70F3F4503045}"
EndProject
Global
	GlobalSection(SolutionConfigurationPlatforms) = preSolution
		Debug|Any CPU = Debug|Any CPU
		Debug|x64 = Debug|x64
		Debug|x86 = Debug|x86
		Release|Any CPU = Release|Any CPU
		Release|x64 = Release|x64
		Release|x86 = Release|x86
	EndGlobalSection
	GlobalSection(ProjectConfigurationPlatforms) = postSolution
		{6DC35614-880B-4828-8F6E-C0B2A0256AB1}.Debug|Any CPU.ActiveCfg = Debug|Any CPU
		{6DC35614-880B-4828-8F6E-C0B2A0256AB1}.Debug|Any CPU.Build.0 = Debug|Any CPU
		{6DC35614-880B-4828-8F6E-C0B2A0256AB1}.Debug|x64.ActiveCfg = Debug|Any CPU
		{6DC35614-880B-4828-8F6E-C0B2A0256AB1}.Debug|x64.Build.0 = Debug|Any CPU
		{6DC35614-880B-4828-8F6E-C0B2A0256AB1}.Debug|x86.ActiveCfg = Debug|Any CPU
		{6DC35614-880B-4828-8F6E-C0B2A0256AB1}.Debug|x86.Build.0 = Debug|Any CPU
		{6DC35614-880B-4828-8F6E-C0B2A0256AB1}.Release|Any CPU.ActiveCfg = Release|Any CPU
		{6DC35614-880B-4828-8F6E-C0B2A0256AB1}.Release|Any CPU.Build.0 = Release|Any CPU
		{6DC35614-880B-4828-8F6E-C0B2A0256AB1}.Release|x64.ActiveCfg = Release|Any CPU
		{6DC35614-880B-4828-8F6E-C0B2A0256AB1}.Release|x64.Build.0 = Release|Any CPU
		{6DC35614-880B-4828-8F6E-C0B2A0256AB1}.Release|x86.ActiveCfg = Release|Any CPU
		{6DC35614-880B-4828-8F6E-C0B2A0256AB1}.Release|x86.Build.0 = Release|Any CPU
		{8D534A4F-2145-490B-869F-0F1FFE04DC71}.Debug|Any CPU.ActiveCfg = Debug|Any CPU
		{8D534A4F-2145-490B-869F-0F1FFE04DC71}.Debug|Any CPU.Build.0 = Debug|Any CPU
		{8D534A4F-2145-490B-869F-0F1FFE04DC71}.Debug|x64.ActiveCfg = Debug|Any CPU
		{8D534A4F-2145-490B-869F-0F1FFE04DC71}.Debug|x64.Build.0 = Debug|Any CPU
		{8D534A4F-2145-490B-869F-0F1FFE04DC71}.Debug|x86.ActiveCfg = Debug|Any CPU
		{8D534A4F-2145-490B-869F-0F1FFE04DC71}.Debug|x86.Build.0 = Debug|Any CPU
		{8D534A4F-2145-490B-869F-0F1FFE04DC71}.Release|Any CPU.ActiveCfg = Release|Any CPU
		{8D534A4F-2145-490B-869F-0F1FFE04DC71}.Release|Any CPU.Build.0 = Release|Any CPU
		{8D534A4F-2145-490B-869F-0F1FFE04DC71}.Release|x64.ActiveCfg = Release|Any CPU
		{8D534A4F-2145-490B-869F-0F1FFE04DC71}.Release|x64.Build.0 = Release|Any CPU
		{8D534A4F-2145-490B-869F-0F1FFE04DC71}.Release|x86.ActiveCfg = Release|Any CPU
		{8D534A4F-2145-490B-869F-0F1FFE04DC71}.Release|x86.Build.0 = Release|Any CPU
		{27F57757-B426-4659-B71C-5B8A403FCBAA}.Debug|Any CPU.ActiveCfg = Debug|Any CPU
		{27F57757-B426-4659-B71C-5B8A403FCBAA}.Debug|Any CPU.Build.0 = Debug|Any CPU
		{27F57757-B426-4659-B71C-5B8A403FCBAA}.Debug|x64.ActiveCfg = Debug|Any CPU
		{27F57757-B426-4659-B71C-5B8A403FCBAA}.Debug|x64.Build.0 = Debug|Any CPU
		{27F57757-B426-4659-B71C-5B8A403FCBAA}.Debug|x86.ActiveCfg = Debug|Any CPU
		{27F57757-B426-4659-B71C-5B8A403FCBAA}.Debug|x86.Build.0 = Debug|Any CPU
		{27F57757-B426-4659-B71C-5B8A403FCBAA}.Release|Any CPU.ActiveCfg = Release|Any CPU
		{27F57757-B426-4659-B71C-5B8A403FCBAA}.Release|Any CPU.Build.0 = Release|Any CPU
		{27F57757-B426-4659-B71C-5B8A403FCBAA}.Release|x64.ActiveCfg = Release|Any CPU
		{27F57757-B426-4659-B71C-5B8A403FCBAA}.Release|x64.Build.0 = Release|Any CPU
		{27F57757-B426-4659-B71C-5B8A403FCBAA}.Release|x86.ActiveCfg = Release|Any CPU
		{27F57757-B426-4659-B71C-5B8A403FCBAA}.Release|x86.Build.0 = Release|Any CPU
		{1D4B46F9-9EAF-42A2-A635-4357D7BE2612}.Debug|Any CPU.ActiveCfg = Debug|Any CPU
		{1D4B46F9-9EAF-42A2-A635-4357D7BE2612}.Debug|Any CPU.Build.0 = Debug|Any CPU
		{1D4B46F9-9EAF-42A2-A635-4357D7BE2612}.Debug|x64.ActiveCfg = Debug|Any CPU
		{1D4B46F9-9EAF-42A2-A635-4357D7BE2612}.Debug|x64.Build.0 = Debug|Any CPU
		{1D4B46F9-9EAF-42A2-A635-4357D7BE2612}.Debug|x86.ActiveCfg = Debug|Any CPU
		{1D4B46F9-9EAF-42A2-A635-4357D7BE2612}.Debug|x86.Build.0 = Debug|Any CPU
		{1D4B46F9-9EAF-42A2-A635-4357D7BE2612}.Release|Any CPU.ActiveCfg = Release|Any CPU
		{1D4B46F9-9EAF-42A2-A635-4357D7BE2612}.Release|Any CPU.Build.0 = Release|Any CPU
		{1D4B46F9-9EAF-42A2-A635-4357D7BE2612}.Release|x64.ActiveCfg = Release|Any CPU
		{1D4B46F9-9EAF-42A2-A635-4357D7BE2612}.Release|x64.Build.0 = Release|Any CPU
		{1D4B46F9-9EAF-42A2-A635-4357D7BE2612}.Release|x86.ActiveCfg = Release|Any CPU
		{1D4B46F9-9EAF-42A2-A635-4357D7BE2612}.Release|x86.Build.0 = Release|Any CPU
		{6C0680B2-891B-4AB4-969B-18BCA90EA692}.Debug|Any CPU.ActiveCfg = Debug|Any CPU
		{6C0680B2-891B-4AB4-969B-18BCA90EA692}.Debug|Any CPU.Build.0 = Debug|Any CPU
		{6C0680B2-891B-4AB4-969B-18BCA90EA692}.Debug|x64.ActiveCfg = Debug|Any CPU
		{6C0680B2-891B-4AB4-969B-18BCA90EA692}.Debug|x64.Build.0 = Debug|Any CPU
		{6C0680B2-891B-4AB4-969B-18BCA90EA692}.Debug|x86.ActiveCfg = Debug|Any CPU
		{6C0680B2-891B-4AB4-969B-18BCA90EA692}.Debug|x86.Build.0 = Debug|Any CPU
		{6C0680B2-891B-4AB4-969B-18BCA90EA692}.Release|Any CPU.ActiveCfg = Release|Any CPU
		{6C0680B2-891B-4AB4-969B-18BCA90EA692}.Release|Any CPU.Build.0 = Release|Any CPU
		{6C0680B2-891B-4AB4-969B-18BCA90EA692}.Release|x64.ActiveCfg = Release|Any CPU
		{6C0680B2-891B-4AB4-969B-18BCA90EA692}.Release|x64.Build.0 = Release|Any CPU
		{6C0680B2-891B-4AB4-969B-18BCA90EA692}.Release|x86.ActiveCfg = Release|Any CPU
		{6C0680B2-891B-4AB4-969B-18BCA90EA692}.Release|x86.Build.0 = Release|Any CPU
		{646D9A50-0E02-40C6-B94F-70F3F4503045}.Debug|Any CPU.ActiveCfg = Debug|Any CPU
		{646D9A50-0E02-40C6-B94F-70F3F4503045}.Debug|Any CPU.Build.0 = Debug|Any CPU
		{646D9A50-0E02-40C6-B94F-70F3F4503045}.Debug|x64.ActiveCfg = Debug|Any CPU
		{646D9A50-0E02-40C6-B94F-70F3F4503045}.Debug|x64.Build.0 = Debug|Any CPU
		{646D9A50-0E02-40C6-B94F-70F3F4503045}.Debug|x86.ActiveCfg = Debug|Any CPU
		{646D9A50-0E02-40C6-B94F-70F3F4503045}.Debug|x86.Build.0 = Debug|Any CPU
		{646D9A50-0E02-40C6-B94F-70F3F4503045}.Release|Any CPU.ActiveCfg = Release|Any CPU
		{646D9A50-0E02-40C6-B94F-70F3F4503045}.Release|Any CPU.Build.0 = Release|Any CPU
		{646D9A50-0E02-40C6-B94F-70F3F4503045}.Release|x64.ActiveCfg = Release|Any CPU
		{646D9A50-0E02-40C6-B94F-70F3F4503045}.Release|x64.Build.0 = Release|Any CPU
		{646D9A50-0E02-40C6-B94F-70F3F4503045}.Release|x86.ActiveCfg = Release|Any CPU
		{646D9A50-0E02-40C6-B94F-70F3F4503045}.Release|x86.Build.0 = Release|Any CPU
	EndGlobalSection
	GlobalSection(SolutionProperties) = preSolution
		HideSolutionNode = FALSE
	EndGlobalSection
	GlobalSection(NestedProjects) = preSolution
		{BDAC7535-8310-47F2-98A8-A8A3AEF0724C} = {90AAF485-2231-412E-B176-536093F4C8AE}
	EndGlobalSection
	GlobalSection(ExtensibilityGlobals) = postSolution
		SolutionGuid = {C6727B7F-0893-4C94-9743-EC61DAFDCA73}
	EndGlobalSection
EndGlobal
